Microsoft Visual Studio Solution File, Format Version 12.00
# Visual Studio 15
VisualStudioVersion = 15.0.28307.329
MinimumVisualStudioVersion = 10.0.40219.1
Project("{FAE04EC0-301F-11D3-BF4B-00C04F79EFBC}") = "ZWSetup.Lib", "ZWSetup.Lib\ZWSetup.Lib.csproj", "{4E474EC6-B8D2-4C2F-AA69-1B441CEFEC24}"
EndProject
Project("{FAE04EC0-301F-11D3-BF4B-00C04F79EFBC}") = "ZWSetup.Shell", "ZWSetup.Shell\ZWSetup.Shell.csproj", "{A885342C-0D7C-485A-A1A6-923BDBC3C0CA}"
EndProject
Project("{FAE04EC0-301F-11D3-BF4B-00C04F79EFBC}") = "ZWSetup.Tester", "ZWSetup.Tester\ZWSetup.Tester.csproj", "{AF093FA8-64A9-4881-A7AA-D317059EBF67}"
EndProject
Global
	GlobalSection(SolutionConfigurationPlatforms) = preSolution
		Debug|Any CPU = Debug|Any CPU
		Release|Any CPU = Release|Any CPU
	EndGlobalSection
	GlobalSection(ProjectConfigurationPlatforms) = postSolution
		{4E474EC6-B8D2-4C2F-AA69-1B441CEFEC24}.Debug|Any CPU.ActiveCfg = Debug|Any CPU
		{4E474EC6-B8D2-4C2F-AA69-1B441CEFEC24}.Debug|Any CPU.Build.0 = Debug|Any CPU
		{4E474EC6-B8D2-4C2F-AA69-1B441CEFEC24}.Release|Any CPU.ActiveCfg = Release|Any CPU
		{4E474EC6-B8D2-4C2F-AA69-1B441CEFEC24}.Release|Any CPU.Build.0 = Release|Any CPU
		{A885342C-0D7C-485A-A1A6-923BDBC3C0CA}.Debug|Any CPU.ActiveCfg = Debug|Any CPU
		{A885342C-0D7C-485A-A1A6-923BDBC3C0CA}.Debug|Any CPU.Build.0 = Debug|Any CPU
		{A885342C-0D7C-485A-A1A6-923BDBC3C0CA}.Release|Any CPU.ActiveCfg = Release|Any CPU
		{A885342C-0D7C-485A-A1A6-923BDBC3C0CA}.Release|Any CPU.Build.0 = Release|Any CPU
		{AF093FA8-64A9-4881-A7AA-D317059EBF67}.Debug|Any CPU.ActiveCfg = Debug|Any CPU
		{AF093FA8-64A9-4881-A7AA-D317059EBF67}.Debug|Any CPU.Build.0 = Debug|Any CPU
		{AF093FA8-64A9-4881-A7AA-D317059EBF67}.Release|Any CPU.ActiveCfg = Release|Any CPU
		{AF093FA8-64A9-4881-A7AA-D317059EBF67}.Release|Any CPU.Build.0 = Release|Any CPU
	EndGlobalSection
	GlobalSection(SolutionProperties) = preSolution
		HideSolutionNode = FALSE
	EndGlobalSection
	GlobalSection(ExtensibilityGlobals) = postSolution
		SolutionGuid = {B48ED152-0AB9-43A2-93B0-AB63F33F1F64}
	EndGlobalSection
EndGlobal
